
Microsoft Visual Studio Solution File, Format Version 12.00
# Visual Studio 15
Project("{FAE04EC0-301F-11D3-BF4B-00C04F79EFBC}") = "PhotonUnityNetworking.Utilities", "PhotonUnityNetworking.Utilities.csproj", "{80B1E2FE-AEAB-2D62-0196-C27D417A9D37}"
EndProject
Project("{FAE04EC0-301F-11D3-BF4B-00C04F79EFBC}") = "Assembly-CSharp", "Assembly-CSharp.csproj", "{0C89DCFB-3BAD-6C28-6B5B-24F8CAF266D6}"
EndProject
Project("{FAE04EC0-301F-11D3-BF4B-00C04F79EFBC}") = "PlayFab", "PlayFab.csproj", "{C54669FC-3BB8-4985-3C56-90437D8F755C}"
EndProject
Project("{FAE04EC0-301F-11D3-BF4B-00C04F79EFBC}") = "PhotonUnityNetworking.Demos", "PhotonUnityNetworking.Demos.csproj", "{F8C516D2-9087-03FA-63D2-0CF8CB70A066}"
EndProject
Project("{FAE04EC0-301F-11D3-BF4B-00C04F79EFBC}") = "PhotonUnityNetworking", "PhotonUnityNetworking.csproj", "{A7FAD3D6-C59A-F3AD-D4D7-F4581383B9F4}"
EndProject
Project("{FAE04EC0-301F-11D3-BF4B-00C04F79EFBC}") = "PhotonChat", "PhotonChat.csproj", "{FA725516-54B8-31AC-6494-B32C39232FB3}"
EndProject
Project("{FAE04EC0-301F-11D3-BF4B-00C04F79EFBC}") = "PhotonRealtime", "PhotonRealtime.csproj", "{A8BFFF95-18B7-1C52-80BD-56ED94425099}"
EndProject
Project("{FAE04EC0-301F-11D3-BF4B-00C04F79EFBC}") = "PhotonUnityNetworking.Editor", "PhotonUnityNetworking.Editor.csproj", "{89930DF3-D78E-54F2-81F9-3C7B696F0DFF}"
EndProject
Project("{FAE04EC0-301F-11D3-BF4B-00C04F79EFBC}") = "PlayFabEditorExtensions", "PlayFabEditorExtensions.csproj", "{C5ED711D-BAA2-7BE8-479B-A77E3D26FCF7}"
EndProject
Project("{FAE04EC0-301F-11D3-BF4B-00C04F79EFBC}") = "PhotonUnityNetworking.Utilities.PhotonPlayer.Editor", "PhotonUnityNetworking.Utilities.PhotonPlayer.Editor.csproj", "{6159F507-D62C-B604-95CF-F2DA4A7C2DF9}"
EndProject
Project("{FAE04EC0-301F-11D3-BF4B-00C04F79EFBC}") = "PlayFabSDKEditor", "PlayFabSDKEditor.csproj", "{6DA15BA5-5B61-A495-FB08-19E51D56242D}"
EndProject
Project("{FAE04EC0-301F-11D3-BF4B-00C04F79EFBC}") = "PunDemos.DemoSlotcarEditor", "PunDemos.DemoSlotcarEditor.csproj", "{2752A25F-3CFF-8D87-C1B3-759173C5FF23}"
EndProject
Project("{FAE04EC0-301F-11D3-BF4B-00C04F79EFBC}") = "PhotonUnityNetworking.Utilities.Culling.Editor", "PhotonUnityNetworking.Utilities.Culling.Editor.csproj", "{EFB3C64D-9ED3-D298-FA96-060257E438B0}"
EndProject
Project("{FAE04EC0-301F-11D3-BF4B-00C04F79EFBC}") = "PunDemos.DemoHubEditor", "PunDemos.DemoHubEditor.csproj", "{BE3207FA-B4DF-7F8F-D45F-61C9E8254316}"
EndProject
Project("{FAE04EC0-301F-11D3-BF4B-00C04F79EFBC}") = "Assembly-CSharp-Editor", "Assembly-CSharp-Editor.csproj", "{CA83B7FD-120A-2894-2B8F-B6624BE1044D}"
EndProject
Global
	GlobalSection(SolutionConfigurationPlatforms) = preSolution
		Debug|Any CPU = Debug|Any CPU
		Release|Any CPU = Release|Any CPU
	EndGlobalSection
	GlobalSection(ProjectConfigurationPlatforms) = postSolution
		{80B1E2FE-AEAB-2D62-0196-C27D417A9D37}.Debug|Any CPU.ActiveCfg = Debug|Any CPU
		{80B1E2FE-AEAB-2D62-0196-C27D417A9D37}.Debug|Any CPU.Build.0 = Debug|Any CPU
		{80B1E2FE-AEAB-2D62-0196-C27D417A9D37}.Release|Any CPU.ActiveCfg = Release|Any CPU
		{80B1E2FE-AEAB-2D62-0196-C27D417A9D37}.Release|Any CPU.Build.0 = Release|Any CPU
		{0C89DCFB-3BAD-6C28-6B5B-24F8CAF266D6}.Debug|Any CPU.ActiveCfg = Debug|Any CPU
		{0C89DCFB-3BAD-6C28-6B5B-24F8CAF266D6}.Debug|Any CPU.Build.0 = Debug|Any CPU
		{0C89DCFB-3BAD-6C28-6B5B-24F8CAF266D6}.Release|Any CPU.ActiveCfg = Release|Any CPU
		{0C89DCFB-3BAD-6C28-6B5B-24F8CAF266D6}.Release|Any CPU.Build.0 = Release|Any CPU
		{C54669FC-3BB8-4985-3C56-90437D8F755C}.Debug|Any CPU.ActiveCfg = Debug|Any CPU
		{C54669FC-3BB8-4985-3C56-90437D8F755C}.Debug|Any CPU.Build.0 = Debug|Any CPU
		{C54669FC-3BB8-4985-3C56-90437D8F755C}.Release|Any CPU.ActiveCfg = Release|Any CPU
		{C54669FC-3BB8-4985-3C56-90437D8F755C}.Release|Any CPU.Build.0 = Release|Any CPU
		{F8C516D2-9087-03FA-63D2-0CF8CB70A066}.Debug|Any CPU.ActiveCfg = Debug|Any CPU
		{F8C516D2-9087-03FA-63D2-0CF8CB70A066}.Debug|Any CPU.Build.0 = Debug|Any CPU
		{F8C516D2-9087-03FA-63D2-0CF8CB70A066}.Release|Any CPU.ActiveCfg = Release|Any CPU
		{F8C516D2-9087-03FA-63D2-0CF8CB70A066}.Release|Any CPU.Build.0 = Release|Any CPU
		{A7FAD3D6-C59A-F3AD-D4D7-F4581383B9F4}.Debug|Any CPU.ActiveCfg = Debug|Any CPU
		{A7FAD3D6-C59A-F3AD-D4D7-F4581383B9F4}.Debug|Any CPU.Build.0 = Debug|Any CPU
		{A7FAD3D6-C59A-F3AD-D4D7-F4581383B9F4}.Release|Any CPU.ActiveCfg = Release|Any CPU
		{A7FAD3D6-C59A-F3AD-D4D7-F4581383B9F4}.Release|Any CPU.Build.0 = Release|Any CPU
		{FA725516-54B8-31AC-6494-B32C39232FB3}.Debug|Any CPU.ActiveCfg = Debug|Any CPU
		{FA725516-54B8-31AC-6494-B32C39232FB3}.Debug|Any CPU.Build.0 = Debug|Any CPU
		{FA725516-54B8-31AC-6494-B32C39232FB3}.Release|Any CPU.ActiveCfg = Release|Any CPU
		{FA725516-54B8-31AC-6494-B32C39232FB3}.Release|Any CPU.Build.0 = Release|Any CPU
		{A8BFFF95-18B7-1C52-80BD-56ED94425099}.Debug|Any CPU.ActiveCfg = Debug|Any CPU
		{A8BFFF95-18B7-1C52-80BD-56ED94425099}.Debug|Any CPU.Build.0 = Debug|Any CPU
		{A8BFFF95-18B7-1C52-80BD-56ED94425099}.Release|Any CPU.ActiveCfg = Release|Any CPU
		{A8BFFF95-18B7-1C52-80BD-56ED94425099}.Release|Any CPU.Build.0 = Release|Any CPU
		{89930DF3-D78E-54F2-81F9-3C7B696F0DFF}.Debug|Any CPU.ActiveCfg = Debug|Any CPU
		{89930DF3-D78E-54F2-81F9-3C7B696F0DFF}.Debug|Any CPU.Build.0 = Debug|Any CPU
		{89930DF3-D78E-54F2-81F9-3C7B696F0DFF}.Release|Any CPU.ActiveCfg = Release|Any CPU
		{89930DF3-D78E-54F2-81F9-3C7B696F0DFF}.Release|Any CPU.Build.0 = Release|Any CPU
		{C5ED711D-BAA2-7BE8-479B-A77E3D26FCF7}.Debug|Any CPU.ActiveCfg = Debug|Any CPU
		{C5ED711D-BAA2-7BE8-479B-A77E3D26FCF7}.Debug|Any CPU.Build.0 = Debug|Any CPU
		{C5ED711D-BAA2-7BE8-479B-A77E3D26FCF7}.Release|Any CPU.ActiveCfg = Release|Any CPU
		{C5ED711D-BAA2-7BE8-479B-A77E3D26FCF7}.Release|Any CPU.Build.0 = Release|Any CPU
		{6159F507-D62C-B604-95CF-F2DA4A7C2DF9}.Debug|Any CPU.ActiveCfg = Debug|Any CPU
		{6159F507-D62C-B604-95CF-F2DA4A7C2DF9}.Debug|Any CPU.Build.0 = Debug|Any CPU
		{6159F507-D62C-B604-95CF-F2DA4A7C2DF9}.Release|Any CPU.ActiveCfg = Release|Any CPU
		{6159F507-D62C-B604-95CF-F2DA4A7C2DF9}.Release|Any CPU.Build.0 = Release|Any CPU
		{6DA15BA5-5B61-A495-FB08-19E51D56242D}.Debug|Any CPU.ActiveCfg = Debug|Any CPU
		{6DA15BA5-5B61-A495-FB08-19E51D56242D}.Debug|Any CPU.Build.0 = Debug|Any CPU
		{6DA15BA5-5B61-A495-FB08-19E51D56242D}.Release|Any CPU.ActiveCfg = Release|Any CPU
		{6DA15BA5-5B61-A495-FB08-19E51D56242D}.Release|Any CPU.Build.0 = Release|Any CPU
		{2752A25F-3CFF-8D87-C1B3-759173C5FF23}.Debug|Any CPU.ActiveCfg = Debug|Any CPU
		{2752A25F-3CFF-8D87-C1B3-759173C5FF23}.Debug|Any CPU.Build.0 = Debug|Any CPU
		{2752A25F-3CFF-8D87-C1B3-759173C5FF23}.Release|Any CPU.ActiveCfg = Release|Any CPU
		{2752A25F-3CFF-8D87-C1B3-759173C5FF23}.Release|Any CPU.Build.0 = Release|Any CPU
		{EFB3C64D-9ED3-D298-FA96-060257E438B0}.Debug|Any CPU.ActiveCfg = Debug|Any CPU
		{EFB3C64D-9ED3-D298-FA96-060257E438B0}.Debug|Any CPU.Build.0 = Debug|Any CPU
		{EFB3C64D-9ED3-D298-FA96-060257E438B0}.Release|Any CPU.ActiveCfg = Release|Any CPU
		{EFB3C64D-9ED3-D298-FA96-060257E438B0}.Release|Any CPU.Build.0 = Release|Any CPU
		{BE3207FA-B4DF-7F8F-D45F-61C9E8254316}.Debug|Any CPU.ActiveCfg = Debug|Any CPU
		{BE3207FA-B4DF-7F8F-D45F-61C9E8254316}.Debug|Any CPU.Build.0 = Debug|Any CPU
		{BE3207FA-B4DF-7F8F-D45F-61C9E8254316}.Release|Any CPU.ActiveCfg = Release|Any CPU
		{BE3207FA-B4DF-7F8F-D45F-61C9E8254316}.Release|Any CPU.Build.0 = Release|Any CPU
		{CA83B7FD-120A-2894-2B8F-B6624BE1044D}.Debug|Any CPU.ActiveCfg = Debug|Any CPU
		{CA83B7FD-120A-2894-2B8F-B6624BE1044D}.Debug|Any CPU.Build.0 = Debug|Any CPU
		{CA83B7FD-120A-2894-2B8F-B6624BE1044D}.Release|Any CPU.ActiveCfg = Release|Any CPU
		{CA83B7FD-120A-2894-2B8F-B6624BE1044D}.Release|Any CPU.Build.0 = Release|Any CPU
	EndGlobalSection
	GlobalSection(SolutionProperties) = preSolution
		HideSolutionNode = FALSE
	EndGlobalSection
EndGlobal
